// !$*UTF8*$!
{
	archiveVersion = 1;
	classes = {
	};
	objectVersion = 46;
	objects = {

/* Begin PBXBuildFile section */
		9DA429C91DCD574D0031D952 /* AppDelegate.swift in Sources */ = {isa = PBXBuildFile; fileRef = 9DA429C81DCD574D0031D952 /* AppDelegate.swift */; };
		9DA429CE1DCD574D0031D952 /* Main.storyboard in Resources */ = {isa = PBXBuildFile; fileRef = 9DA429CC1DCD574D0031D952 /* Main.storyboard */; };
		9DA429D01DCD574D0031D952 /* Assets.xcassets in Resources */ = {isa = PBXBuildFile; fileRef = 9DA429CF1DCD574D0031D952 /* Assets.xcassets */; };
		9DA429D31DCD574D0031D952 /* LaunchScreen.storyboard in Resources */ = {isa = PBXBuildFile; fileRef = 9DA429D11DCD574D0031D952 /* LaunchScreen.storyboard */; };
		9DA429DE1DCD574D0031D952 /* iQuizTests.swift in Sources */ = {isa = PBXBuildFile; fileRef = 9DA429DD1DCD574D0031D952 /* iQuizTests.swift */; };
		9DA429E91DCD574D0031D952 /* iQuizUITests.swift in Sources */ = {isa = PBXBuildFile; fileRef = 9DA429E81DCD574D0031D952 /* iQuizUITests.swift */; };
		9DA429F71DCD58DE0031D952 /* iQuizTableViewController.swift in Sources */ = {isa = PBXBuildFile; fileRef = 9DA429F61DCD58DE0031D952 /* iQuizTableViewController.swift */; };
		9DA429F91DCD5BB60031D952 /* iQuizTableViewCell.swift in Sources */ = {isa = PBXBuildFile; fileRef = 9DA429F81DCD5BB60031D952 /* iQuizTableViewCell.swift */; };
		9DA429FD1DCD65730031D952 /* marvel.png in Resources */ = {isa = PBXBuildFile; fileRef = 9DA429FA1DCD65730031D952 /* marvel.png */; };
		9DA429FE1DCD65730031D952 /* math.png in Resources */ = {isa = PBXBuildFile; fileRef = 9DA429FB1DCD65730031D952 /* math.png */; };
		9DA429FF1DCD65730031D952 /* science.png in Resources */ = {isa = PBXBuildFile; fileRef = 9DA429FC1DCD65730031D952 /* science.png */; };
/* End PBXBuildFile section */

/* Begin PBXContainerItemProxy section */
		9DA429DA1DCD574D0031D952 /* PBXContainerItemProxy */ = {
			isa = PBXContainerItemProxy;
			containerPortal = 9DA429BD1DCD574D0031D952 /* Project object */;
			proxyType = 1;
			remoteGlobalIDString = 9DA429C41DCD574D0031D952;
			remoteInfo = iQuiz;
		};
		9DA429E51DCD574D0031D952 /* PBXContainerItemProxy */ = {
			isa = PBXContainerItemProxy;
			containerPortal = 9DA429BD1DCD574D0031D952 /* Project object */;
			proxyType = 1;
			remoteGlobalIDString = 9DA429C41DCD574D0031D952;
			remoteInfo = iQuiz;
		};
/* End PBXContainerItemProxy section */

/* Begin PBXFileReference section */
		9DA429C51DCD574D0031D952 /* iQuiz.app */ = {isa = PBXFileReference; explicitFileType = wrapper.application; includeInIndex = 0; path = iQuiz.app; sourceTree = BUILT_PRODUCTS_DIR; };
		9DA429C81DCD574D0031D952 /* AppDelegate.swift */ = {isa = PBXFileReference; lastKnownFileType = sourcecode.swift; path = AppDelegate.swift; sourceTree = "<group>"; };
		9DA429CD1DCD574D0031D952 /* Base */ = {isa = PBXFileReference; lastKnownFileType = file.storyboard; name = Base; path = Base.lproj/Main.storyboard; sourceTree = "<group>"; };
		9DA429CF1DCD574D0031D952 /* Assets.xcassets */ = {isa = PBXFileReference; lastKnownFileType = folder.assetcatalog; path = Assets.xcassets; sourceTree = "<group>"; };
		9DA429D21DCD574D0031D952 /* Base */ = {isa = PBXFileReference; lastKnownFileType = file.storyboard; name = Base; path = Base.lproj/LaunchScreen.storyboard; sourceTree = "<group>"; };
		9DA429D41DCD574D0031D952 /* Info.plist */ = {isa = PBXFileReference; lastKnownFileType = text.plist.xml; path = Info.plist; sourceTree = "<group>"; };
		9DA429D91DCD574D0031D952 /* iQuizTests.xctest */ = {isa = PBXFileReference; explicitFileType = wrapper.cfbundle; includeInIndex = 0; path = iQuizTests.xctest; sourceTree = BUILT_PRODUCTS_DIR; };
		9DA429DD1DCD574D0031D952 /* iQuizTests.swift */ = {isa = PBXFileReference; lastKnownFileType = sourcecode.swift; path = iQuizTests.swift; sourceTree = "<group>"; };
		9DA429DF1DCD574D0031D952 /* Info.plist */ = {isa = PBXFileReference; lastKnownFileType = text.plist.xml; path = Info.plist; sourceTree = "<group>"; };
		9DA429E41DCD574D0031D952 /* iQuizUITests.xctest */ = {isa = PBXFileReference; explicitFileType = wrapper.cfbundle; includeInIndex = 0; path = iQuizUITests.xctest; sourceTree = BUILT_PRODUCTS_DIR; };
		9DA429E81DCD574D0031D952 /* iQuizUITests.swift */ = {isa = PBXFileReference; lastKnownFileType = sourcecode.swift; path = iQuizUITests.swift; sourceTree = "<group>"; };
		9DA429EA1DCD574D0031D952 /* Info.plist */ = {isa = PBXFileReference; lastKnownFileType = text.plist.xml; path = Info.plist; sourceTree = "<group>"; };
		9DA429F61DCD58DE0031D952 /* iQuizTableViewController.swift */ = {isa = PBXFileReference; fileEncoding = 4; lastKnownFileType = sourcecode.swift; path = iQuizTableViewController.swift; sourceTree = "<group>"; };
		9DA429F81DCD5BB60031D952 /* iQuizTableViewCell.swift */ = {isa = PBXFileReference; fileEncoding = 4; lastKnownFileType = sourcecode.swift; path = iQuizTableViewCell.swift; sourceTree = "<group>"; };
		9DA429FA1DCD65730031D952 /* marvel.png */ = {isa = PBXFileReference; lastKnownFileType = image.png; name = marvel.png; path = Assets.xcassets/marvel.png; sourceTree = "<group>"; };
		9DA429FB1DCD65730031D952 /* math.png */ = {isa = PBXFileReference; lastKnownFileType = image.png; name = math.png; path = Assets.xcassets/math.png; sourceTree = "<group>"; };
		9DA429FC1DCD65730031D952 /* science.png */ = {isa = PBXFileReference; lastKnownFileType = image.png; name = science.png; path = Assets.xcassets/science.png; sourceTree = "<group>"; };
/* End PBXFileReference section */

/* Begin PBXFrameworksBuildPhase section */
		9DA429C21DCD574D0031D952 /* Frameworks */ = {
			isa = PBXFrameworksBuildPhase;
			buildActionMask = 2147483647;
			files = (
			);
			runOnlyForDeploymentPostprocessing = 0;
		};
		9DA429D61DCD574D0031D952 /* Frameworks */ = {
			isa = PBXFrameworksBuildPhase;
			buildActionMask = 2147483647;
			files = (
			);
			runOnlyForDeploymentPostprocessing = 0;
		};
		9DA429E11DCD574D0031D952 /* Frameworks */ = {
			isa = PBXFrameworksBuildPhase;
			buildActionMask = 2147483647;
			files = (
			);
			runOnlyForDeploymentPostprocessing = 0;
		};
/* End PBXFrameworksBuildPhase section */

/* Begin PBXGroup section */
		9DA429BC1DCD574D0031D952 = {
			isa = PBXGroup;
			children = (
				9DA429C71DCD574D0031D952 /* iQuiz */,
				9DA429DC1DCD574D0031D952 /* iQuizTests */,
				9DA429E71DCD574D0031D952 /* iQuizUITests */,
				9DA429C61DCD574D0031D952 /* Products */,
			);
			sourceTree = "<group>";
		};
		9DA429C61DCD574D0031D952 /* Products */ = {
			isa = PBXGroup;
			children = (
				9DA429C51DCD574D0031D952 /* iQuiz.app */,
				9DA429D91DCD574D0031D952 /* iQuizTests.xctest */,
				9DA429E41DCD574D0031D952 /* iQuizUITests.xctest */,
			);
			name = Products;
			sourceTree = "<group>";
		};
		9DA429C71DCD574D0031D952 /* iQuiz */ = {
			isa = PBXGroup;
			children = (
				9DA429C81DCD574D0031D952 /* AppDelegate.swift */,
				9DA429CC1DCD574D0031D952 /* Main.storyboard */,
				9DA429FA1DCD65730031D952 /* marvel.png */,
				9DA429FB1DCD65730031D952 /* math.png */,
				9DA429FC1DCD65730031D952 /* science.png */,
				9DA429CF1DCD574D0031D952 /* Assets.xcassets */,
				9DA429D11DCD574D0031D952 /* LaunchScreen.storyboard */,
				9DA429D41DCD574D0031D952 /* Info.plist */,
				9DA429F61DCD58DE0031D952 /* iQuizTableViewController.swift */,
				9DA429F81DCD5BB60031D952 /* iQuizTableViewCell.swift */,
			);
			path = iQuiz;
			sourceTree = "<group>";
		};
		9DA429DC1DCD574D0031D952 /* iQuizTests */ = {
			isa = PBXGroup;
			children = (
				9DA429DD1DCD574D0031D952 /* iQuizTests.swift */,
				9DA429DF1DCD574D0031D952 /* Info.plist */,
			);
			path = iQuizTests;
			sourceTree = "<group>";
		};
		9DA429E71DCD574D0031D952 /* iQuizUITests */ = {
			isa = PBXGroup;
			children = (
				9DA429E81DCD574D0031D952 /* iQuizUITests.swift */,
				9DA429EA1DCD574D0031D952 /* Info.plist */,
			);
			path = iQuizUITests;
			sourceTree = "<group>";
		};
/* End PBXGroup section */

/* Begin PBXNativeTarget section */
		9DA429C41DCD574D0031D952 /* iQuiz */ = {
			isa = PBXNativeTarget;
			buildConfigurationList = 9DA429ED1DCD574D0031D952 /* Build configuration list for PBXNativeTarget "iQuiz" */;
			buildPhases = (
				9DA429C11DCD574D0031D952 /* Sources */,
				9DA429C21DCD574D0031D952 /* Frameworks */,
				9DA429C31DCD574D0031D952 /* Resources */,
			);
			buildRules = (
			);
			dependencies = (
			);
			name = iQuiz;
			productName = iQuiz;
			productReference = 9DA429C51DCD574D0031D952 /* iQuiz.app */;
			productType = "com.apple.product-type.application";
		};
		9DA429D81DCD574D0031D952 /* iQuizTests */ = {
			isa = PBXNativeTarget;
			buildConfigurationList = 9DA429F01DCD574D0031D952 /* Build configuration list for PBXNativeTarget "iQuizTests" */;
			buildPhases = (
				9DA429D51DCD574D0031D952 /* Sources */,
				9DA429D61DCD574D0031D952 /* Frameworks */,
				9DA429D71DCD574D0031D952 /* Resources */,
			);
			buildRules = (
			);
			dependencies = (
				9DA429DB1DCD574D0031D952 /* PBXTargetDependency */,
			);
			name = iQuizTests;
			productName = iQuizTests;
			productReference = 9DA429D91DCD574D0031D952 /* iQuizTests.xctest */;
			productType = "com.apple.product-type.bundle.unit-test";
		};
		9DA429E31DCD574D0031D952 /* iQuizUITests */ = {
			isa = PBXNativeTarget;
			buildConfigurationList = 9DA429F31DCD574D0031D952 /* Build configuration list for PBXNativeTarget "iQuizUITests" */;
			buildPhases = (
				9DA429E01DCD574D0031D952 /* Sources */,
				9DA429E11DCD574D0031D952 /* Frameworks */,
				9DA429E21DCD574D0031D952 /* Resources */,
			);
			buildRules = (
			);
			dependencies = (
				9DA429E61DCD574D0031D952 /* PBXTargetDependency */,
			);
			name = iQuizUITests;
			productName = iQuizUITests;
			productReference = 9DA429E41DCD574D0031D952 /* iQuizUITests.xctest */;
			productType = "com.apple.product-type.bundle.ui-testing";
		};
/* End PBXNativeTarget section */

/* Begin PBXProject section */
		9DA429BD1DCD574D0031D952 /* Project object */ = {
			isa = PBXProject;
			attributes = {
				LastSwiftUpdateCheck = 0800;
				LastUpgradeCheck = 0800;
				ORGANIZATIONNAME = "Hai Nguyen";
				TargetAttributes = {
					9DA429C41DCD574D0031D952 = {
						CreatedOnToolsVersion = 8.0;
						ProvisioningStyle = Automatic;
					};
					9DA429D81DCD574D0031D952 = {
						CreatedOnToolsVersion = 8.0;
						ProvisioningStyle = Automatic;
						TestTargetID = 9DA429C41DCD574D0031D952;
					};
					9DA429E31DCD574D0031D952 = {
						CreatedOnToolsVersion = 8.0;
						ProvisioningStyle = Automatic;
						TestTargetID = 9DA429C41DCD574D0031D952;
					};
				};
			};
			buildConfigurationList = 9DA429C01DCD574D0031D952 /* Build configuration list for PBXProject "iQuiz" */;
			compatibilityVersion = "Xcode 3.2";
			developmentRegion = English;
			hasScannedForEncodings = 0;
			knownRegions = (
				en,
				Base,
			);
			mainGroup = 9DA429BC1DCD574D0031D952;
			productRefGroup = 9DA429C61DCD574D0031D952 /* Products */;
			projectDirPath = "";
			projectRoot = "";
			targets = (
				9DA429C41DCD574D0031D952 /* iQuiz */,
				9DA429D81DCD574D0031D952 /* iQuizTests */,
				9DA429E31DCD574D0031D952 /* iQuizUITests */,
			);
		};
/* End PBXProject section */

/* Begin PBXResourcesBuildPhase section */
		9DA429C31DCD574D0031D952 /* Resources */ = {
			isa = PBXResourcesBuildPhase;
			buildActionMask = 2147483647;
			files = (
				9DA429FD1DCD65730031D952 /* marvel.png in Resources */,
				9DA429FE1DCD65730031D952 /* math.png in Resources */,
				9DA429D31DCD574D0031D952 /* LaunchScreen.storyboard in Resources */,
				9DA429D01DCD574D0031D952 /* Assets.xcassets in Resources */,
				9DA429FF1DCD65730031D952 /* science.png in Resources */,
				9DA429CE1DCD574D0031D952 /* Main.storyboard in Resources */,
			);
			runOnlyForDeploymentPostprocessing = 0;
		};
		9DA429D71DCD574D0031D952 /* Resources */ = {
			isa = PBXResourcesBuildPhase;
			buildActionMask = 2147483647;
			files = (
			);
			runOnlyForDeploymentPostprocessing = 0;
		};
		9DA429E21DCD574D0031D952 /* Resources */ = {
			isa = PBXResourcesBuildPhase;
			buildActionMask = 2147483647;
			files = (
			);
			runOnlyForDeploymentPostprocessing = 0;
		};
/* End PBXResourcesBuildPhase section */

/* Begin PBXSourcesBuildPhase section */
		9DA429C11DCD574D0031D952 /* Sources */ = {
			isa = PBXSourcesBuildPhase;
			buildActionMask = 2147483647;
			files = (
				9DA429F71DCD58DE0031D952 /* iQuizTableViewController.swift in Sources */,
				9DA429F91DCD5BB60031D952 /* iQuizTableViewCell.swift in Sources */,
				9DA429C91DCD574D0031D952 /* AppDelegate.swift in Sources */,
			);
			runOnlyForDeploymentPostprocessing = 0;
		};
		9DA429D51DCD574D0031D952 /* Sources */ = {
			isa = PBXSourcesBuildPhase;
			buildActionMask = 2147483647;
			files = (
				9DA429DE1DCD574D0031D952 /* iQuizTests.swift in Sources */,
			);
			runOnlyForDeploymentPostprocessing = 0;
		};
		9DA429E01DCD574D0031D952 /* Sources */ = {
			isa = PBXSourcesBuildPhase;
			buildActionMask = 2147483647;
			files = (
				9DA429E91DCD574D0031D952 /* iQuizUITests.swift in Sources */,
			);
			runOnlyForDeploymentPostprocessing = 0;
		};
/* End PBXSourcesBuildPhase section */

/* Begin PBXTargetDependency section */
		9DA429DB1DCD574D0031D952 /* PBXTargetDependency */ = {
			isa = PBXTargetDependency;
			target = 9DA429C41DCD574D0031D952 /* iQuiz */;
			targetProxy = 9DA429DA1DCD574D0031D952 /* PBXContainerItemProxy */;
		};
		9DA429E61DCD574D0031D952 /* PBXTargetDependency */ = {
			isa = PBXTargetDependency;
			target = 9DA429C41DCD574D0031D952 /* iQuiz */;
			targetProxy = 9DA429E51DCD574D0031D952 /* PBXContainerItemProxy */;
		};
/* End PBXTargetDependency section */

/* Begin PBXVariantGroup section */
		9DA429CC1DCD574D0031D952 /* Main.storyboard */ = {
			isa = PBXVariantGroup;
			children = (
				9DA429CD1DCD574D0031D952 /* Base */,
			);
			name = Main.storyboard;
			sourceTree = "<group>";
		};
		9DA429D11DCD574D0031D952 /* LaunchScreen.storyboard */ = {
			isa = PBXVariantGroup;
			children = (
				9DA429D21DCD574D0031D952 /* Base */,
			);
			name = LaunchScreen.storyboard;
			sourceTree = "<group>";
		};
/* End PBXVariantGroup section */

/* Begin XCBuildConfiguration section */
		9DA429EB1DCD574D0031D952 /* Debug */ = {
			isa = XCBuildConfiguration;
			buildSettings = {
				ALWAYS_SEARCH_USER_PATHS = NO;
				CLANG_ANALYZER_NONNULL = YES;
				CLANG_CXX_LANGUAGE_STANDARD = "gnu++0x";
				CLANG_CXX_LIBRARY = "libc++";
				CLANG_ENABLE_MODULES = YES;
				CLANG_ENABLE_OBJC_ARC = YES;
				CLANG_WARN_BOOL_CONVERSION = YES;
				CLANG_WARN_CONSTANT_CONVERSION = YES;
				CLANG_WARN_DIRECT_OBJC_ISA_USAGE = YES_ERROR;
				CLANG_WARN_DOCUMENTATION_COMMENTS = YES;
				CLANG_WARN_EMPTY_BODY = YES;
				CLANG_WARN_ENUM_CONVERSION = YES;
				CLANG_WARN_INFINITE_RECURSION = YES;
				CLANG_WARN_INT_CONVERSION = YES;
				CLANG_WARN_OBJC_ROOT_CLASS = YES_ERROR;
				CLANG_WARN_SUSPICIOUS_MOVES = YES;
				CLANG_WARN_UNREACHABLE_CODE = YES;
				CLANG_WARN__DUPLICATE_METHOD_MATCH = YES;
				"CODE_SIGN_IDENTITY[sdk=iphoneos*]" = "iPhone Developer";
				COPY_PHASE_STRIP = NO;
				DEBUG_INFORMATION_FORMAT = dwarf;
				ENABLE_STRICT_OBJC_MSGSEND = YES;
				ENABLE_TESTABILITY = YES;
				GCC_C_LANGUAGE_STANDARD = gnu99;
				GCC_DYNAMIC_NO_PIC = NO;
				GCC_NO_COMMON_BLOCKS = YES;
				GCC_OPTIMIZATION_LEVEL = 0;
				GCC_PREPROCESSOR_DEFINITIONS = (
					"DEBUG=1",
					"$(inherited)",
				);
				GCC_WARN_64_TO_32_BIT_CONVERSION = YES;
				GCC_WARN_ABOUT_RETURN_TYPE = YES_ERROR;
				GCC_WARN_UNDECLARED_SELECTOR = YES;
				GCC_WARN_UNINITIALIZED_AUTOS = YES_AGGRESSIVE;
				GCC_WARN_UNUSED_FUNCTION = YES;
				GCC_WARN_UNUSED_VARIABLE = YES;
				IPHONEOS_DEPLOYMENT_TARGET = 10.0;
				MTL_ENABLE_DEBUG_INFO = YES;
				ONLY_ACTIVE_ARCH = YES;
				SDKROOT = iphoneos;
				SWIFT_ACTIVE_COMPILATION_CONDITIONS = DEBUG;
				SWIFT_OPTIMIZATION_LEVEL = "-Onone";
				TARGETED_DEVICE_FAMILY = "1,2";
			};
			name = Debug;
		};
		9DA429EC1DCD574D0031D952 /* Release */ = {
			isa = XCBuildConfiguration;
			buildSettings = {
				ALWAYS_SEARCH_USER_PATHS = NO;
				CLANG_ANALYZER_NONNULL = YES;
				CLANG_CXX_LANGUAGE_STANDARD = "gnu++0x";
				CLANG_CXX_LIBRARY = "libc++";
				CLANG_ENABLE_MODULES = YES;
				CLANG_ENABLE_OBJC_ARC = YES;
				CLANG_WARN_BOOL_CONVERSION = YES;
				CLANG_WARN_CONSTANT_CONVERSION = YES;
				CLANG_WARN_DIRECT_OBJC_ISA_USAGE = YES_ERROR;
				CLANG_WARN_DOCUMENTATION_COMMENTS = YES;
				CLANG_WARN_EMPTY_BODY = YES;
				CLANG_WARN_ENUM_CONVERSION = YES;
				CLANG_WARN_INFINITE_RECURSION = YES;
				CLANG_WARN_INT_CONVERSION = YES;
				CLANG_WARN_OBJC_ROOT_CLASS = YES_ERROR;
				CLANG_WARN_SUSPICIOUS_MOVES = YES;
				CLANG_WARN_UNREACHABLE_CODE = YES;
				CLANG_WARN__DUPLICATE_METHOD_MATCH = YES;
				"CODE_SIGN_IDENTITY[sdk=iphoneos*]" = "iPhone Developer";
				COPY_PHASE_STRIP = NO;
				DEBUG_INFORMATION_FORMAT = "dwarf-with-dsym";
				ENABLE_NS_ASSERTIONS = NO;
				ENABLE_STRICT_OBJC_MSGSEND = YES;
				GCC_C_LANGUAGE_STANDARD = gnu99;
				GCC_NO_COMMON_BLOCKS = YES;
				GCC_WARN_64_TO_32_BIT_CONVERSION = YES;
				GCC_WARN_ABOUT_RETURN_TYPE = YES_ERROR;
				GCC_WARN_UNDECLARED_SELECTOR = YES;
				GCC_WARN_UNINITIALIZED_AUTOS = YES_AGGRESSIVE;
				GCC_WARN_UNUSED_FUNCTION = YES;
				GCC_WARN_UNUSED_VARIABLE = YES;
				IPHONEOS_DEPLOYMENT_TARGET = 10.0;
				MTL_ENABLE_DEBUG_INFO = NO;
				SDKROOT = iphoneos;
				SWIFT_OPTIMIZATION_LEVEL = "-Owholemodule";
				TARGETED_DEVICE_FAMILY = "1,2";
				VALIDATE_PRODUCT = YES;
			};
			name = Release;
		};
		9DA429EE1DCD574D0031D952 /* Debug */ = {
			isa = XCBuildConfiguration;
			buildSettings = {
				ASSETCATALOG_COMPILER_APPICON_NAME = AppIcon;
				INFOPLIST_FILE = iQuiz/Info.plist;
				LD_RUNPATH_SEARCH_PATHS = "$(inherited) @executable_path/Frameworks";
				PRODUCT_BUNDLE_IDENTIFIER = com.hainguyen.iQuiz;
				PRODUCT_NAME = "$(TARGET_NAME)";
				SWIFT_VERSION = 3.0;
			};
			name = Debug;
		};
		9DA429EF1DCD574D0031D952 /* Release */ = {
			isa = XCBuildConfiguration;
			buildSettings = {
				ASSETCATALOG_COMPILER_APPICON_NAME = AppIcon;
				INFOPLIST_FILE = iQuiz/Info.plist;
				LD_RUNPATH_SEARCH_PATHS = "$(inherited) @executable_path/Frameworks";
				PRODUCT_BUNDLE_IDENTIFIER = com.hainguyen.iQuiz;
				PRODUCT_NAME = "$(TARGET_NAME)";
				SWIFT_VERSION = 3.0;
			};
			name = Release;
		};
		9DA429F11DCD574D0031D952 /* Debug */ = {
			isa = XCBuildConfiguration;
			buildSettings = {
				ALWAYS_EMBED_SWIFT_STANDARD_LIBRARIES = YES;
				BUNDLE_LOADER = "$(TEST_HOST)";
				INFOPLIST_FILE = iQuizTests/Info.plist;
				LD_RUNPATH_SEARCH_PATHS = "$(inherited) @executable_path/Frameworks @loader_path/Frameworks";
				PRODUCT_BUNDLE_IDENTIFIER = com.hainguyen.iQuizTests;
				PRODUCT_NAME = "$(TARGET_NAME)";
				SWIFT_VERSION = 3.0;
				TEST_HOST = "$(BUILT_PRODUCTS_DIR)/iQuiz.app/iQuiz";
			};
			name = Debug;
		};
		9DA429F21DCD574D0031D952 /* Release */ = {
			isa = XCBuildConfiguration;
			buildSettings = {
				ALWAYS_EMBED_SWIFT_STANDARD_LIBRARIES = YES;
				BUNDLE_LOADER = "$(TEST_HOST)";
				INFOPLIST_FILE = iQuizTests/Info.plist;
				LD_RUNPATH_SEARCH_PATHS = "$(inherited) @executable_path/Frameworks @loader_path/Frameworks";
				PRODUCT_BUNDLE_IDENTIFIER = com.hainguyen.iQuizTests;
				PRODUCT_NAME = "$(TARGET_NAME)";
				SWIFT_VERSION = 3.0;
				TEST_HOST = "$(BUILT_PRODUCTS_DIR)/iQuiz.app/iQuiz";
			};
			name = Release;
		};
		9DA429F41DCD574D0031D952 /* Debug */ = {
			isa = XCBuildConfiguration;
			buildSettings = {
				ALWAYS_EMBED_SWIFT_STANDARD_LIBRARIES = YES;
				INFOPLIST_FILE = iQuizUITests/Info.plist;
				LD_RUNPATH_SEARCH_PATHS = "$(inherited) @executable_path/Frameworks @loader_path/Frameworks";
				PRODUCT_BUNDLE_IDENTIFIER = com.hainguyen.iQuizUITests;
				PRODUCT_NAME = "$(TARGET_NAME)";
				SWIFT_VERSION = 3.0;
				TEST_TARGET_NAME = iQuiz;
			};
			name = Debug;
		};
		9DA429F51DCD574D0031D952 /* Release */ = {
			isa = XCBuildConfiguration;
			buildSettings = {
				ALWAYS_EMBED_SWIFT_STANDARD_LIBRARIES = YES;
				INFOPLIST_FILE = iQuizUITests/Info.plist;
				LD_RUNPATH_SEARCH_PATHS = "$(inherited) @executable_path/Frameworks @loader_path/Frameworks";
				PRODUCT_BUNDLE_IDENTIFIER = com.hainguyen.iQuizUITests;
				PRODUCT_NAME = "$(TARGET_NAME)";
				SWIFT_VERSION = 3.0;
				TEST_TARGET_NAME = iQuiz;
			};
			name = Release;
		};
/* End XCBuildConfiguration section */

/* Begin XCConfigurationList section */
		9DA429C01DCD574D0031D952 /* Build configuration list for PBXProject "iQuiz" */ = {
			isa = XCConfigurationList;
			buildConfigurations = (
				9DA429EB1DCD574D0031D952 /* Debug */,
				9DA429EC1DCD574D0031D952 /* Release */,
			);
			defaultConfigurationIsVisible = 0;
			defaultConfigurationName = Release;
		};
		9DA429ED1DCD574D0031D952 /* Build configuration list for PBXNativeTarget "iQuiz" */ = {
			isa = XCConfigurationList;
			buildConfigurations = (
				9DA429EE1DCD574D0031D952 /* Debug */,
				9DA429EF1DCD574D0031D952 /* Release */,
			);
			defaultConfigurationIsVisible = 0;
		};
		9DA429F01DCD574D0031D952 /* Build configuration list for PBXNativeTarget "iQuizTests" */ = {
			isa = XCConfigurationList;
			buildConfigurations = (
				9DA429F11DCD574D0031D952 /* Debug */,
				9DA429F21DCD574D0031D952 /* Release */,
			);
			defaultConfigurationIsVisible = 0;
		};
		9DA429F31DCD574D0031D952 /* Build configuration list for PBXNativeTarget "iQuizUITests" */ = {
			isa = XCConfigurationList;
			buildConfigurations = (
				9DA429F41DCD574D0031D952 /* Debug */,
				9DA429F51DCD574D0031D952 /* Release */,
			);
			defaultConfigurationIsVisible = 0;
		};
/* End XCConfigurationList section */
	};
	rootObject = 9DA429BD1DCD574D0031D952 /* Project object */;
}
